
Microsoft Visual Studio Solution File, Format Version 12.00
# Visual Studio Version 17
VisualStudioVersion = 17.5.002.0
MinimumVisualStudioVersion = 10.0.40219.1
Project("{9A19103F-16F7-4668-BE54-9A1E7A4F7556}") = "VoiceAssistantPrototype", "VoiceAssistantPrototype.csproj", "{9D595D63-D76A-41D4-ADFF-FC36BA32DB8A}"
EndProject
Global
	GlobalSection(SolutionConfigurationPlatforms) = preSolution
		Debug|Any CPU = Debug|Any CPU
		Release|Any CPU = Release|Any CPU
	EndGlobalSection
	GlobalSection(ProjectConfigurationPlatforms) = postSolution
		{9D595D63-D76A-41D4-ADFF-FC36BA32DB8A}.Debug|Any CPU.ActiveCfg = Debug|Any CPU
		{9D595D63-D76A-41D4-ADFF-FC36BA32DB8A}.Debug|Any CPU.Build.0 = Debug|Any CPU
		{9D595D63-D76A-41D4-ADFF-FC36BA32DB8A}.Release|Any CPU.ActiveCfg = Release|Any CPU
		{9D595D63-D76A-41D4-ADFF-FC36BA32DB8A}.Release|Any CPU.Build.0 = Release|Any CPU
	EndGlobalSection
	GlobalSection(SolutionProperties) = preSolution
		HideSolutionNode = FALSE
	EndGlobalSection
	GlobalSection(ExtensibilityGlobals) = postSolution
		SolutionGuid = {B0FCE4A6-49D7-4D5F-96DA-8ED533713953}
	EndGlobalSection
EndGlobal
